<?xml version="1.0" encoding="utf-8"?>
<Project ToolsVersion="4.0" xmlns="http://schemas.microsoft.com/developer/msbuild/2003">
  <ItemGroup>
    <Filter Include="Source Files">
      <UniqueIdentifier>{4FC737F1-C7A5-4376-A066-2A32D752A2FF}</UniqueIdentifier>
      <Extensions>cpp;c;cc;cxx;c++;cppm;ixx;def;odl;idl;hpj;bat;asm;asmx</Extensions>
    </Filter>
    <Filter Include="Header Files">
      <UniqueIdentifier>{93995380-89BD-4b04-88EB-625FBE52EBFB}</UniqueIdentifier>
      <Extensions>h;hh;hpp;hxx;h++;hm;inl;inc;ipp;xsd</Extensions>
    </Filter>
    <Filter Include="Resource Files">
      <UniqueIdentifier>{67DA6AB6-F800-4c08-8B7A-83BB121AAD01}</UniqueIdentifier>
      <Extensions>rc;ico;cur;bmp;dlg;rc2;rct;bin;rgs;gif;jpg;jpeg;jpe;resx;tiff;tif;png;wav;mfcribbon-ms</Extensions>
    </Filter>
    <Filter Include="BHop">
      <UniqueIdentifier>{69c2efd0-b8af-4109-aa9a-28357c8ecaa6}</UniqueIdentifier>
    </Filter>
    <Filter Include="Feature">
      <UniqueIdentifier>{0a5067a0-18ac-4748-9e21-c050f45335db}</UniqueIdentifier>
    </Filter>
    <Filter Include="Values">
      <UniqueIdentifier>{49d04812-6a76-4a40-a3d8-d011524fa969}</UniqueIdentifier>
    </Filter>
    <Filter Include="HackFeatures">
      <UniqueIdentifier>{626381e5-e8a4-424c-9fab-d68314a8a2f9}</UniqueIdentifier>
    </Filter>
    <Filter Include="AntiFlash">
      <UniqueIdentifier>{eaf0731d-bdc8-4ded-8ded-94de0180df1b}</UniqueIdentifier>
    </Filter>
    <Filter Include="RadarHack">
      <UniqueIdentifier>{83f54ddf-b3ae-4306-bc86-83f979b8ba27}</UniqueIdentifier>
    </Filter>
    <Filter Include="Glow">
      <UniqueIdentifier>{92739c21-6965-4fe5-8529-d2f232368ada}</UniqueIdentifier>
    </Filter>
    <Filter Include="RCS">
      <UniqueIdentifier>{7048b9df-28ae-48db-8760-a949c51ad832}</UniqueIdentifier>
    </Filter>
    <Filter Include="Utils">
      <UniqueIdentifier>{1ae74d2b-031e-47df-82a4-d85cd5a41f1b}</UniqueIdentifier>
    </Filter>
    <Filter Include="Aimbot">
      <UniqueIdentifier>{9fe15ba0-eadf-4776-90c8-d75d9ae6c2a3}</UniqueIdentifier>
    </Filter>
    <Filter Include="ESP">
      <UniqueIdentifier>{71b322c8-c89c-4cd3-9b44-885671129031}</UniqueIdentifier>
    </Filter>
    <Filter Include="Hook">
      <UniqueIdentifier>{38c1f573-bdcf-4736-be72-141d255da77e}</UniqueIdentifier>
    </Filter>
    <Filter Include="DirectX">
      <UniqueIdentifier>{cea0fe6a-f42d-4ad8-9da1-2b210179a529}</UniqueIdentifier>
    </Filter>
    <Filter Include="Drawing">
      <UniqueIdentifier>{c4924282-1c60-44c9-ad78-edc712ebea9d}</UniqueIdentifier>
    </Filter>
    <Filter Include="Recoil Crosshair">
      <UniqueIdentifier>{6eaaef51-293c-4790-8a88-9c374792be9d}</UniqueIdentifier>
    </Filter>
  </ItemGroup>
  <ItemGroup>
    <ClInclude Include="framework.h">
      <Filter>Header Files</Filter>
    </ClInclude>
    <ClInclude Include="Utils\Values\csgo.hpp">
      <Filter>Header Files</Filter>
    </ClInclude>
    <ClInclude Include="Feature\BHop\BHop.h">
      <Filter>BHop</Filter>
    </ClInclude>
    <ClInclude Include="Feature\Baseline\Feature.h">
      <Filter>Feature</Filter>
    </ClInclude>
    <ClInclude Include="Utils\Values\Values.h">
      <Filter>Values</Filter>
    </ClInclude>
    <ClInclude Include="Feature\HackFeatures.h">
      <Filter>HackFeatures</Filter>
    </ClInclude>
    <ClInclude Include="Feature\AntiFlash\AntiFlash.h">
      <Filter>AntiFlash</Filter>
    </ClInclude>
    <ClInclude Include="Feature\Radar\Radar.h">
      <Filter>RadarHack</Filter>
    </ClInclude>
    <ClInclude Include="Feature\Glow\Glow.h">
      <Filter>Glow</Filter>
    </ClInclude>
    <ClInclude Include="Feature\RCS\RCS.h">
      <Filter>RCS</Filter>
    </ClInclude>
    <ClInclude Include="Utils\Vector.h">
      <Filter>Utils</Filter>
    </ClInclude>
    <ClInclude Include="Feature\Aimbot\Aimbot.h">
      <Filter>Aimbot</Filter>
    </ClInclude>
    <ClInclude Include="Feature\ESP\ESP.h">
      <Filter>ESP</Filter>
    </ClInclude>
    <ClInclude Include="Utils\HooksD9\Hook.h">
      <Filter>Hook</Filter>
    </ClInclude>
    <ClInclude Include="Utils\HooksD9\dx.h">
      <Filter>DirectX</Filter>
    </ClInclude>
    <ClInclude Include="Utils\HooksD9\Drawing.h">
      <Filter>Drawing</Filter>
    </ClInclude>
    <ClInclude Include="Feature\RecoilCrosshair\RecoilCrosshair.h">
      <Filter>Recoil Crosshair</Filter>
    </ClInclude>
    <ClInclude Include="imgui\imconfig.h">
      <Filter>Header Files</Filter>
    </ClInclude>
    <ClInclude Include="imgui\imgui.h">
      <Filter>Header Files</Filter>
    </ClInclude>
    <ClInclude Include="imgui\imgui_impl_dx9.h">
      <Filter>Header Files</Filter>
    </ClInclude>
    <ClInclude Include="imgui\imgui_impl_win32.h">
      <Filter>Header Files</Filter>
    </ClInclude>
    <ClInclude Include="imgui\imgui_internal.h">
      <Filter>Header Files</Filter>
    </ClInclude>
    <ClInclude Include="imgui\imstb_rectpack.h">
      <Filter>Header Files</Filter>
    </ClInclude>
    <ClInclude Include="imgui\imstb_textedit.h">
      <Filter>Header Files</Filter>
    </ClInclude>
    <ClInclude Include="imgui\imstb_truetype.h">
      <Filter>Header Files</Filter>
    </ClInclude>
    <ClInclude Include="GUI\GUI.h">
      <Filter>Header Files</Filter>
    </ClInclude>
  </ItemGroup>
  <ItemGroup>
    <ClCompile Include="dllmain.cpp">
      <Filter>Source Files</Filter>
    </ClCompile>
    <ClCompile Include="Feature\BHop\BHop.cpp">
      <Filter>BHop</Filter>
    </ClCompile>
    <ClCompile Include="Feature\Baseline\Feature.cpp">
      <Filter>Feature</Filter>
    </ClCompile>
    <ClCompile Include="Utils\Values\Values.cpp">
      <Filter>Values</Filter>
    </ClCompile>
    <ClCompile Include="Feature\HackFeatures.cpp">
      <Filter>HackFeatures</Filter>
    </ClCompile>
    <ClCompile Include="Feature\AntiFlash\AntiFlash.cpp">
      <Filter>AntiFlash</Filter>
    </ClCompile>
    <ClCompile Include="Feature\Radar\Radar.cpp">
      <Filter>RadarHack</Filter>
    </ClCompile>
    <ClCompile Include="Feature\Glow\Glow.cpp">
      <Filter>Glow</Filter>
    </ClCompile>
    <ClCompile Include="Feature\RCS\RCS.cpp">
      <Filter>RCS</Filter>
    </ClCompile>
    <ClCompile Include="Feature\Aimbot\Aimbot.cpp">
      <Filter>Aimbot</Filter>
    </ClCompile>
    <ClCompile Include="Feature\ESP\ESP.cpp">
      <Filter>ESP</Filter>
    </ClCompile>
    <ClCompile Include="Utils\HooksD9\Hook.cpp">
      <Filter>Hook</Filter>
    </ClCompile>
    <ClCompile Include="Utils\HooksD9\dx.cpp">
      <Filter>DirectX</Filter>
    </ClCompile>
    <ClCompile Include="Utils\HooksD9\Drawing.cpp">
      <Filter>Drawing</Filter>
    </ClCompile>
    <ClCompile Include="Feature\RecoilCrosshair\RecoilCrosshair.cpp">
      <Filter>Recoil Crosshair</Filter>
    </ClCompile>
    <ClCompile Include="imgui\imgui.cpp">
      <Filter>Source Files</Filter>
    </ClCompile>
    <ClCompile Include="imgui\imgui_demo.cpp">
      <Filter>Source Files</Filter>
    </ClCompile>
    <ClCompile Include="imgui\imgui_draw.cpp">
      <Filter>Source Files</Filter>
    </ClCompile>
    <ClCompile Include="imgui\imgui_impl_dx9.cpp">
      <Filter>Source Files</Filter>
    </ClCompile>
    <ClCompile Include="imgui\imgui_impl_win32.cpp">
      <Filter>Source Files</Filter>
    </ClCompile>
    <ClCompile Include="imgui\imgui_tables.cpp">
      <Filter>Source Files</Filter>
    </ClCompile>
    <ClCompile Include="imgui\imgui_widgets.cpp">
      <Filter>Source Files</Filter>
    </ClCompile>
    <ClCompile Include="GUI\GUI.cpp">
      <Filter>Source Files</Filter>
    </ClCompile>
  </ItemGroup>
</Project>